// !$*UTF8*$!
{
	archiveVersion = 1;
	classes = {
	};
	objectVersion = 51;
	objects = {

/* Begin PBXBuildFile section */
		7838B42525B371E7004EA87B /* NetworkManager.swift in Sources */ = {isa = PBXBuildFile; fileRef = 7838B42425B371E7004EA87B /* NetworkManager.swift */; };
		7838B43425B3AC7B004EA87B /* Info.swift in Sources */ = {isa = PBXBuildFile; fileRef = 7838B43325B3AC7B004EA87B /* Info.swift */; };
		7838B43C25B3AC8F004EA87B /* Character.swift in Sources */ = {isa = PBXBuildFile; fileRef = 7838B43B25B3AC8F004EA87B /* Character.swift */; };
		7838B44525B3ACCB004EA87B /* AppConstants.swift in Sources */ = {isa = PBXBuildFile; fileRef = 7838B44425B3ACCB004EA87B /* AppConstants.swift */; };
		78B307FD25B36BA700BCD64B /* AppDelegate.swift in Sources */ = {isa = PBXBuildFile; fileRef = 78B307FC25B36BA700BCD64B /* AppDelegate.swift */; };
		78B3080125B36BA700BCD64B /* HomeViewController.swift in Sources */ = {isa = PBXBuildFile; fileRef = 78B3080025B36BA700BCD64B /* HomeViewController.swift */; };
		78B3080425B36BA700BCD64B /* Main.storyboard in Resources */ = {isa = PBXBuildFile; fileRef = 78B3080225B36BA700BCD64B /* Main.storyboard */; };
		78B3080625B36BAA00BCD64B /* Assets.xcassets in Resources */ = {isa = PBXBuildFile; fileRef = 78B3080525B36BAA00BCD64B /* Assets.xcassets */; };
		78B3080925B36BAA00BCD64B /* LaunchScreen.storyboard in Resources */ = {isa = PBXBuildFile; fileRef = 78B3080725B36BAA00BCD64B /* LaunchScreen.storyboard */; };
		78B3081425B36BAA00BCD64B /* rick_and_mortyTests.swift in Sources */ = {isa = PBXBuildFile; fileRef = 78B3081325B36BAA00BCD64B /* rick_and_mortyTests.swift */; };
		78B3081F25B36BAA00BCD64B /* rick_and_mortyUITests.swift in Sources */ = {isa = PBXBuildFile; fileRef = 78B3081E25B36BAA00BCD64B /* rick_and_mortyUITests.swift */; };
		7A391216448BB1998CB61DFC /* Pods_rick_and_morty_rick_and_mortyUITests.framework in Frameworks */ = {isa = PBXBuildFile; fileRef = 0D3AB8219A34471B33C8256F /* Pods_rick_and_morty_rick_and_mortyUITests.framework */; };
		D8F9B5653ED53E5EEB369C74 /* Pods_rick_and_mortyTests.framework in Frameworks */ = {isa = PBXBuildFile; fileRef = FA42FBCA7630E0174ECE21B7 /* Pods_rick_and_mortyTests.framework */; };
		E05FF0E6A269B229DEAF9AC4 /* Pods_rick_and_morty.framework in Frameworks */ = {isa = PBXBuildFile; fileRef = D419AAF231DC5B3427082C05 /* Pods_rick_and_morty.framework */; };
/* End PBXBuildFile section */

/* Begin PBXContainerItemProxy section */
		78B3081025B36BAA00BCD64B /* PBXContainerItemProxy */ = {
			isa = PBXContainerItemProxy;
			containerPortal = 78B307F125B36BA700BCD64B /* Project object */;
			proxyType = 1;
			remoteGlobalIDString = 78B307F825B36BA700BCD64B;
			remoteInfo = "rick-and-morty";
		};
		78B3081B25B36BAA00BCD64B /* PBXContainerItemProxy */ = {
			isa = PBXContainerItemProxy;
			containerPortal = 78B307F125B36BA700BCD64B /* Project object */;
			proxyType = 1;
			remoteGlobalIDString = 78B307F825B36BA700BCD64B;
			remoteInfo = "rick-and-morty";
		};
/* End PBXContainerItemProxy section */

/* Begin PBXFileReference section */
		0D259A79464D1C9BC8AEA5D5 /* Pods-rick-and-morty.release.xcconfig */ = {isa = PBXFileReference; includeInIndex = 1; lastKnownFileType = text.xcconfig; name = "Pods-rick-and-morty.release.xcconfig"; path = "Target Support Files/Pods-rick-and-morty/Pods-rick-and-morty.release.xcconfig"; sourceTree = "<group>"; };
		0D3AB8219A34471B33C8256F /* Pods_rick_and_morty_rick_and_mortyUITests.framework */ = {isa = PBXFileReference; explicitFileType = wrapper.framework; includeInIndex = 0; path = Pods_rick_and_morty_rick_and_mortyUITests.framework; sourceTree = BUILT_PRODUCTS_DIR; };
		413251817DC8487F7CBA1A63 /* Pods-rick-and-morty-rick-and-mortyUITests.debug.xcconfig */ = {isa = PBXFileReference; includeInIndex = 1; lastKnownFileType = text.xcconfig; name = "Pods-rick-and-morty-rick-and-mortyUITests.debug.xcconfig"; path = "Target Support Files/Pods-rick-and-morty-rick-and-mortyUITests/Pods-rick-and-morty-rick-and-mortyUITests.debug.xcconfig"; sourceTree = "<group>"; };
		57EA17AD6B8F050BF10F3B49 /* Pods-rick-and-morty-rick-and-mortyUITests.release.xcconfig */ = {isa = PBXFileReference; includeInIndex = 1; lastKnownFileType = text.xcconfig; name = "Pods-rick-and-morty-rick-and-mortyUITests.release.xcconfig"; path = "Target Support Files/Pods-rick-and-morty-rick-and-mortyUITests/Pods-rick-and-morty-rick-and-mortyUITests.release.xcconfig"; sourceTree = "<group>"; };
		5FAD33BF8427A2AD6551CC46 /* Pods-rick-and-mortyTests.debug.xcconfig */ = {isa = PBXFileReference; includeInIndex = 1; lastKnownFileType = text.xcconfig; name = "Pods-rick-and-mortyTests.debug.xcconfig"; path = "Target Support Files/Pods-rick-and-mortyTests/Pods-rick-and-mortyTests.debug.xcconfig"; sourceTree = "<group>"; };
		713CD5F3D3D34B61172951E9 /* Pods-rick-and-mortyTests.release.xcconfig */ = {isa = PBXFileReference; includeInIndex = 1; lastKnownFileType = text.xcconfig; name = "Pods-rick-and-mortyTests.release.xcconfig"; path = "Target Support Files/Pods-rick-and-mortyTests/Pods-rick-and-mortyTests.release.xcconfig"; sourceTree = "<group>"; };
		7838B42425B371E7004EA87B /* NetworkManager.swift */ = {isa = PBXFileReference; lastKnownFileType = sourcecode.swift; path = NetworkManager.swift; sourceTree = "<group>"; };
		7838B43325B3AC7B004EA87B /* Info.swift */ = {isa = PBXFileReference; lastKnownFileType = sourcecode.swift; path = Info.swift; sourceTree = "<group>"; };
		7838B43B25B3AC8F004EA87B /* Character.swift */ = {isa = PBXFileReference; lastKnownFileType = sourcecode.swift; path = Character.swift; sourceTree = "<group>"; };
		7838B44425B3ACCB004EA87B /* AppConstants.swift */ = {isa = PBXFileReference; lastKnownFileType = sourcecode.swift; path = AppConstants.swift; sourceTree = "<group>"; };
		78B307F925B36BA700BCD64B /* rick-and-morty.app */ = {isa = PBXFileReference; explicitFileType = wrapper.application; includeInIndex = 0; path = "rick-and-morty.app"; sourceTree = BUILT_PRODUCTS_DIR; };
		78B307FC25B36BA700BCD64B /* AppDelegate.swift */ = {isa = PBXFileReference; lastKnownFileType = sourcecode.swift; path = AppDelegate.swift; sourceTree = "<group>"; };
		78B3080025B36BA700BCD64B /* HomeViewController.swift */ = {isa = PBXFileReference; lastKnownFileType = sourcecode.swift; path = HomeViewController.swift; sourceTree = "<group>"; };
		78B3080325B36BA700BCD64B /* Base */ = {isa = PBXFileReference; lastKnownFileType = file.storyboard; name = Base; path = Base.lproj/Main.storyboard; sourceTree = "<group>"; };
		78B3080525B36BAA00BCD64B /* Assets.xcassets */ = {isa = PBXFileReference; lastKnownFileType = folder.assetcatalog; path = Assets.xcassets; sourceTree = "<group>"; };
		78B3080825B36BAA00BCD64B /* Base */ = {isa = PBXFileReference; lastKnownFileType = file.storyboard; name = Base; path = Base.lproj/LaunchScreen.storyboard; sourceTree = "<group>"; };
		78B3080A25B36BAA00BCD64B /* Info.plist */ = {isa = PBXFileReference; lastKnownFileType = text.plist.xml; path = Info.plist; sourceTree = "<group>"; };
		78B3080F25B36BAA00BCD64B /* rick-and-mortyTests.xctest */ = {isa = PBXFileReference; explicitFileType = wrapper.cfbundle; includeInIndex = 0; path = "rick-and-mortyTests.xctest"; sourceTree = BUILT_PRODUCTS_DIR; };
		78B3081325B36BAA00BCD64B /* rick_and_mortyTests.swift */ = {isa = PBXFileReference; lastKnownFileType = sourcecode.swift; path = rick_and_mortyTests.swift; sourceTree = "<group>"; };
		78B3081525B36BAA00BCD64B /* Info.plist */ = {isa = PBXFileReference; lastKnownFileType = text.plist.xml; path = Info.plist; sourceTree = "<group>"; };
		78B3081A25B36BAA00BCD64B /* rick-and-mortyUITests.xctest */ = {isa = PBXFileReference; explicitFileType = wrapper.cfbundle; includeInIndex = 0; path = "rick-and-mortyUITests.xctest"; sourceTree = BUILT_PRODUCTS_DIR; };
		78B3081E25B36BAA00BCD64B /* rick_and_mortyUITests.swift */ = {isa = PBXFileReference; lastKnownFileType = sourcecode.swift; path = rick_and_mortyUITests.swift; sourceTree = "<group>"; };
		78B3082025B36BAA00BCD64B /* Info.plist */ = {isa = PBXFileReference; lastKnownFileType = text.plist.xml; path = Info.plist; sourceTree = "<group>"; };
		D419AAF231DC5B3427082C05 /* Pods_rick_and_morty.framework */ = {isa = PBXFileReference; explicitFileType = wrapper.framework; includeInIndex = 0; path = Pods_rick_and_morty.framework; sourceTree = BUILT_PRODUCTS_DIR; };
		E9DB16D21CA7D9A46DA24CBE /* Pods-rick-and-morty.debug.xcconfig */ = {isa = PBXFileReference; includeInIndex = 1; lastKnownFileType = text.xcconfig; name = "Pods-rick-and-morty.debug.xcconfig"; path = "Target Support Files/Pods-rick-and-morty/Pods-rick-and-morty.debug.xcconfig"; sourceTree = "<group>"; };
		FA42FBCA7630E0174ECE21B7 /* Pods_rick_and_mortyTests.framework */ = {isa = PBXFileReference; explicitFileType = wrapper.framework; includeInIndex = 0; path = Pods_rick_and_mortyTests.framework; sourceTree = BUILT_PRODUCTS_DIR; };
/* End PBXFileReference section */

/* Begin PBXFrameworksBuildPhase section */
		78B307F625B36BA700BCD64B /* Frameworks */ = {
			isa = PBXFrameworksBuildPhase;
			buildActionMask = 2147483647;
			files = (
				E05FF0E6A269B229DEAF9AC4 /* Pods_rick_and_morty.framework in Frameworks */,
			);
			runOnlyForDeploymentPostprocessing = 0;
		};
		78B3080C25B36BAA00BCD64B /* Frameworks */ = {
			isa = PBXFrameworksBuildPhase;
			buildActionMask = 2147483647;
			files = (
				D8F9B5653ED53E5EEB369C74 /* Pods_rick_and_mortyTests.framework in Frameworks */,
			);
			runOnlyForDeploymentPostprocessing = 0;
		};
		78B3081725B36BAA00BCD64B /* Frameworks */ = {
			isa = PBXFrameworksBuildPhase;
			buildActionMask = 2147483647;
			files = (
				7A391216448BB1998CB61DFC /* Pods_rick_and_morty_rick_and_mortyUITests.framework in Frameworks */,
			);
			runOnlyForDeploymentPostprocessing = 0;
		};
/* End PBXFrameworksBuildPhase section */

/* Begin PBXGroup section */
		7838B42125B3715F004EA87B /* Networking */ = {
			isa = PBXGroup;
			children = (
				7838B42425B371E7004EA87B /* NetworkManager.swift */,
			);
			path = Networking;
			sourceTree = "<group>";
		};
		7838B42225B3719A004EA87B /* Controller */ = {
			isa = PBXGroup;
			children = (
				78B3080025B36BA700BCD64B /* HomeViewController.swift */,
			);
			path = Controller;
			sourceTree = "<group>";
		};
		7838B42D25B3AB3D004EA87B /* Models */ = {
			isa = PBXGroup;
			children = (
				7838B43325B3AC7B004EA87B /* Info.swift */,
				7838B43B25B3AC8F004EA87B /* Character.swift */,
			);
			path = Models;
			sourceTree = "<group>";
		};
		7838B44325B3ACBA004EA87B /* Resources */ = {
			isa = PBXGroup;
			children = (
				78B3080525B36BAA00BCD64B /* Assets.xcassets */,
				7838B44425B3ACCB004EA87B /* AppConstants.swift */,
			);
			path = Resources;
			sourceTree = "<group>";
		};
		78B307F025B36BA700BCD64B = {
			isa = PBXGroup;
			children = (
				78B307FB25B36BA700BCD64B /* rick-and-morty */,
				78B3081225B36BAA00BCD64B /* rick-and-mortyTests */,
				78B3081D25B36BAA00BCD64B /* rick-and-mortyUITests */,
				78B307FA25B36BA700BCD64B /* Products */,
				95F993F396BACBC18AA8CEF7 /* Pods */,
				F09ED497814BD5F1C6ED391E /* Frameworks */,
			);
			sourceTree = "<group>";
		};
		78B307FA25B36BA700BCD64B /* Products */ = {
			isa = PBXGroup;
			children = (
				78B307F925B36BA700BCD64B /* rick-and-morty.app */,
				78B3080F25B36BAA00BCD64B /* rick-and-mortyTests.xctest */,
				78B3081A25B36BAA00BCD64B /* rick-and-mortyUITests.xctest */,
			);
			name = Products;
			sourceTree = "<group>";
		};
		78B307FB25B36BA700BCD64B /* rick-and-morty */ = {
			isa = PBXGroup;
			children = (
				7838B44325B3ACBA004EA87B /* Resources */,
				7838B42D25B3AB3D004EA87B /* Models */,
				7838B42225B3719A004EA87B /* Controller */,
				7838B42125B3715F004EA87B /* Networking */,
				78B307FC25B36BA700BCD64B /* AppDelegate.swift */,
				78B3080225B36BA700BCD64B /* Main.storyboard */,
				78B3080725B36BAA00BCD64B /* LaunchScreen.storyboard */,
				78B3080A25B36BAA00BCD64B /* Info.plist */,
			);
			path = "rick-and-morty";
			sourceTree = "<group>";
		};
		78B3081225B36BAA00BCD64B /* rick-and-mortyTests */ = {
			isa = PBXGroup;
			children = (
				78B3081325B36BAA00BCD64B /* rick_and_mortyTests.swift */,
				78B3081525B36BAA00BCD64B /* Info.plist */,
			);
			path = "rick-and-mortyTests";
			sourceTree = "<group>";
		};
		78B3081D25B36BAA00BCD64B /* rick-and-mortyUITests */ = {
			isa = PBXGroup;
			children = (
				78B3081E25B36BAA00BCD64B /* rick_and_mortyUITests.swift */,
				78B3082025B36BAA00BCD64B /* Info.plist */,
			);
			path = "rick-and-mortyUITests";
			sourceTree = "<group>";
		};
		95F993F396BACBC18AA8CEF7 /* Pods */ = {
			isa = PBXGroup;
			children = (
				E9DB16D21CA7D9A46DA24CBE /* Pods-rick-and-morty.debug.xcconfig */,
				0D259A79464D1C9BC8AEA5D5 /* Pods-rick-and-morty.release.xcconfig */,
				413251817DC8487F7CBA1A63 /* Pods-rick-and-morty-rick-and-mortyUITests.debug.xcconfig */,
				57EA17AD6B8F050BF10F3B49 /* Pods-rick-and-morty-rick-and-mortyUITests.release.xcconfig */,
				5FAD33BF8427A2AD6551CC46 /* Pods-rick-and-mortyTests.debug.xcconfig */,
				713CD5F3D3D34B61172951E9 /* Pods-rick-and-mortyTests.release.xcconfig */,
			);
			path = Pods;
			sourceTree = "<group>";
		};
		F09ED497814BD5F1C6ED391E /* Frameworks */ = {
			isa = PBXGroup;
			children = (
				D419AAF231DC5B3427082C05 /* Pods_rick_and_morty.framework */,
				0D3AB8219A34471B33C8256F /* Pods_rick_and_morty_rick_and_mortyUITests.framework */,
				FA42FBCA7630E0174ECE21B7 /* Pods_rick_and_mortyTests.framework */,
			);
			name = Frameworks;
			sourceTree = "<group>";
		};
/* End PBXGroup section */

/* Begin PBXNativeTarget section */
		78B307F825B36BA700BCD64B /* rick-and-morty */ = {
			isa = PBXNativeTarget;
			buildConfigurationList = 78B3082325B36BAA00BCD64B /* Build configuration list for PBXNativeTarget "rick-and-morty" */;
			buildPhases = (
				D1A6E991450022119D0B767A /* [CP] Check Pods Manifest.lock */,
				78B307F525B36BA700BCD64B /* Sources */,
				78B307F625B36BA700BCD64B /* Frameworks */,
				78B307F725B36BA700BCD64B /* Resources */,
				DCF248133736ECD115984238 /* [CP] Embed Pods Frameworks */,
			);
			buildRules = (
			);
			dependencies = (
			);
			name = "rick-and-morty";
			productName = "rick-and-morty";
			productReference = 78B307F925B36BA700BCD64B /* rick-and-morty.app */;
			productType = "com.apple.product-type.application";
		};
		78B3080E25B36BAA00BCD64B /* rick-and-mortyTests */ = {
			isa = PBXNativeTarget;
			buildConfigurationList = 78B3082625B36BAA00BCD64B /* Build configuration list for PBXNativeTarget "rick-and-mortyTests" */;
			buildPhases = (
				553C8B3C5273EFE77270D6A6 /* [CP] Check Pods Manifest.lock */,
				78B3080B25B36BAA00BCD64B /* Sources */,
				78B3080C25B36BAA00BCD64B /* Frameworks */,
				78B3080D25B36BAA00BCD64B /* Resources */,
			);
			buildRules = (
			);
			dependencies = (
				78B3081125B36BAA00BCD64B /* PBXTargetDependency */,
			);
			name = "rick-and-mortyTests";
			productName = "rick-and-mortyTests";
			productReference = 78B3080F25B36BAA00BCD64B /* rick-and-mortyTests.xctest */;
			productType = "com.apple.product-type.bundle.unit-test";
		};
		78B3081925B36BAA00BCD64B /* rick-and-mortyUITests */ = {
			isa = PBXNativeTarget;
			buildConfigurationList = 78B3082925B36BAA00BCD64B /* Build configuration list for PBXNativeTarget "rick-and-mortyUITests" */;
			buildPhases = (
				B04EA8D92C9A88A5DE4A959C /* [CP] Check Pods Manifest.lock */,
				78B3081625B36BAA00BCD64B /* Sources */,
				78B3081725B36BAA00BCD64B /* Frameworks */,
				78B3081825B36BAA00BCD64B /* Resources */,
				D6175903E2EC785B7E83FBF9 /* [CP] Embed Pods Frameworks */,
			);
			buildRules = (
			);
			dependencies = (
				78B3081C25B36BAA00BCD64B /* PBXTargetDependency */,
			);
			name = "rick-and-mortyUITests";
			productName = "rick-and-mortyUITests";
			productReference = 78B3081A25B36BAA00BCD64B /* rick-and-mortyUITests.xctest */;
			productType = "com.apple.product-type.bundle.ui-testing";
		};
/* End PBXNativeTarget section */

/* Begin PBXProject section */
		78B307F125B36BA700BCD64B /* Project object */ = {
			isa = PBXProject;
			attributes = {
				LastSwiftUpdateCheck = 1230;
				LastUpgradeCheck = 1230;
				TargetAttributes = {
					78B307F825B36BA700BCD64B = {
						CreatedOnToolsVersion = 12.3;
					};
					78B3080E25B36BAA00BCD64B = {
						CreatedOnToolsVersion = 12.3;
						TestTargetID = 78B307F825B36BA700BCD64B;
					};
					78B3081925B36BAA00BCD64B = {
						CreatedOnToolsVersion = 12.3;
						TestTargetID = 78B307F825B36BA700BCD64B;
					};
				};
			};
			buildConfigurationList = 78B307F425B36BA700BCD64B /* Build configuration list for PBXProject "rick-and-morty" */;
			compatibilityVersion = "Xcode 9.3";
			developmentRegion = en;
			hasScannedForEncodings = 0;
			knownRegions = (
				en,
				Base,
			);
			mainGroup = 78B307F025B36BA700BCD64B;
			productRefGroup = 78B307FA25B36BA700BCD64B /* Products */;
			projectDirPath = "";
			projectRoot = "";
			targets = (
				78B307F825B36BA700BCD64B /* rick-and-morty */,
				78B3080E25B36BAA00BCD64B /* rick-and-mortyTests */,
				78B3081925B36BAA00BCD64B /* rick-and-mortyUITests */,
			);
		};
/* End PBXProject section */

/* Begin PBXResourcesBuildPhase section */
		78B307F725B36BA700BCD64B /* Resources */ = {
			isa = PBXResourcesBuildPhase;
			buildActionMask = 2147483647;
			files = (
				78B3080925B36BAA00BCD64B /* LaunchScreen.storyboard in Resources */,
				78B3080625B36BAA00BCD64B /* Assets.xcassets in Resources */,
				78B3080425B36BA700BCD64B /* Main.storyboard in Resources */,
			);
			runOnlyForDeploymentPostprocessing = 0;
		};
		78B3080D25B36BAA00BCD64B /* Resources */ = {
			isa = PBXResourcesBuildPhase;
			buildActionMask = 2147483647;
			files = (
			);
			runOnlyForDeploymentPostprocessing = 0;
		};
		78B3081825B36BAA00BCD64B /* Resources */ = {
			isa = PBXResourcesBuildPhase;
			buildActionMask = 2147483647;
			files = (
			);
			runOnlyForDeploymentPostprocessing = 0;
		};
/* End PBXResourcesBuildPhase section */

/* Begin PBXShellScriptBuildPhase section */
		553C8B3C5273EFE77270D6A6 /* [CP] Check Pods Manifest.lock */ = {
			isa = PBXShellScriptBuildPhase;
			buildActionMask = 2147483647;
			files = (
			);
			inputFileListPaths = (
			);
			inputPaths = (
				"${PODS_PODFILE_DIR_PATH}/Podfile.lock",
				"${PODS_ROOT}/Manifest.lock",
			);
			name = "[CP] Check Pods Manifest.lock";
			outputFileListPaths = (
			);
			outputPaths = (
				"$(DERIVED_FILE_DIR)/Pods-rick-and-mortyTests-checkManifestLockResult.txt",
			);
			runOnlyForDeploymentPostprocessing = 0;
			shellPath = /bin/sh;
			shellScript = "diff \"${PODS_PODFILE_DIR_PATH}/Podfile.lock\" \"${PODS_ROOT}/Manifest.lock\" > /dev/null\nif [ $? != 0 ] ; then\n    # print error to STDERR\n    echo \"error: The sandbox is not in sync with the Podfile.lock. Run 'pod install' or update your CocoaPods installation.\" >&2\n    exit 1\nfi\n# This output is used by Xcode 'outputs' to avoid re-running this script phase.\necho \"SUCCESS\" > \"${SCRIPT_OUTPUT_FILE_0}\"\n";
			showEnvVarsInLog = 0;
		};
		B04EA8D92C9A88A5DE4A959C /* [CP] Check Pods Manifest.lock */ = {
			isa = PBXShellScriptBuildPhase;
			buildActionMask = 2147483647;
			files = (
			);
			inputFileListPaths = (
			);
			inputPaths = (
				"${PODS_PODFILE_DIR_PATH}/Podfile.lock",
				"${PODS_ROOT}/Manifest.lock",
			);
			name = "[CP] Check Pods Manifest.lock";
			outputFileListPaths = (
			);
			outputPaths = (
				"$(DERIVED_FILE_DIR)/Pods-rick-and-morty-rick-and-mortyUITests-checkManifestLockResult.txt",
			);
			runOnlyForDeploymentPostprocessing = 0;
			shellPath = /bin/sh;
			shellScript = "diff \"${PODS_PODFILE_DIR_PATH}/Podfile.lock\" \"${PODS_ROOT}/Manifest.lock\" > /dev/null\nif [ $? != 0 ] ; then\n    # print error to STDERR\n    echo \"error: The sandbox is not in sync with the Podfile.lock. Run 'pod install' or update your CocoaPods installation.\" >&2\n    exit 1\nfi\n# This output is used by Xcode 'outputs' to avoid re-running this script phase.\necho \"SUCCESS\" > \"${SCRIPT_OUTPUT_FILE_0}\"\n";
			showEnvVarsInLog = 0;
		};
		D1A6E991450022119D0B767A /* [CP] Check Pods Manifest.lock */ = {
			isa = PBXShellScriptBuildPhase;
			buildActionMask = 2147483647;
			files = (
			);
			inputFileListPaths = (
			);
			inputPaths = (
				"${PODS_PODFILE_DIR_PATH}/Podfile.lock",
				"${PODS_ROOT}/Manifest.lock",
			);
			name = "[CP] Check Pods Manifest.lock";
			outputFileListPaths = (
			);
			outputPaths = (
				"$(DERIVED_FILE_DIR)/Pods-rick-and-morty-checkManifestLockResult.txt",
			);
			runOnlyForDeploymentPostprocessing = 0;
			shellPath = /bin/sh;
			shellScript = "diff \"${PODS_PODFILE_DIR_PATH}/Podfile.lock\" \"${PODS_ROOT}/Manifest.lock\" > /dev/null\nif [ $? != 0 ] ; then\n    # print error to STDERR\n    echo \"error: The sandbox is not in sync with the Podfile.lock. Run 'pod install' or update your CocoaPods installation.\" >&2\n    exit 1\nfi\n# This output is used by Xcode 'outputs' to avoid re-running this script phase.\necho \"SUCCESS\" > \"${SCRIPT_OUTPUT_FILE_0}\"\n";
			showEnvVarsInLog = 0;
		};
		D6175903E2EC785B7E83FBF9 /* [CP] Embed Pods Frameworks */ = {
			isa = PBXShellScriptBuildPhase;
			buildActionMask = 2147483647;
			files = (
			);
			inputFileListPaths = (
				"${PODS_ROOT}/Target Support Files/Pods-rick-and-morty-rick-and-mortyUITests/Pods-rick-and-morty-rick-and-mortyUITests-frameworks-${CONFIGURATION}-input-files.xcfilelist",
			);
			name = "[CP] Embed Pods Frameworks";
			outputFileListPaths = (
				"${PODS_ROOT}/Target Support Files/Pods-rick-and-morty-rick-and-mortyUITests/Pods-rick-and-morty-rick-and-mortyUITests-frameworks-${CONFIGURATION}-output-files.xcfilelist",
			);
			runOnlyForDeploymentPostprocessing = 0;
			shellPath = /bin/sh;
			shellScript = "\"${PODS_ROOT}/Target Support Files/Pods-rick-and-morty-rick-and-mortyUITests/Pods-rick-and-morty-rick-and-mortyUITests-frameworks.sh\"\n";
			showEnvVarsInLog = 0;
		};
		DCF248133736ECD115984238 /* [CP] Embed Pods Frameworks */ = {
			isa = PBXShellScriptBuildPhase;
			buildActionMask = 2147483647;
			files = (
			);
			inputFileListPaths = (
				"${PODS_ROOT}/Target Support Files/Pods-rick-and-morty/Pods-rick-and-morty-frameworks-${CONFIGURATION}-input-files.xcfilelist",
			);
			name = "[CP] Embed Pods Frameworks";
			outputFileListPaths = (
				"${PODS_ROOT}/Target Support Files/Pods-rick-and-morty/Pods-rick-and-morty-frameworks-${CONFIGURATION}-output-files.xcfilelist",
			);
			runOnlyForDeploymentPostprocessing = 0;
			shellPath = /bin/sh;
			shellScript = "\"${PODS_ROOT}/Target Support Files/Pods-rick-and-morty/Pods-rick-and-morty-frameworks.sh\"\n";
			showEnvVarsInLog = 0;
		};
/* End PBXShellScriptBuildPhase section */

/* Begin PBXSourcesBuildPhase section */
		78B307F525B36BA700BCD64B /* Sources */ = {
			isa = PBXSourcesBuildPhase;
			buildActionMask = 2147483647;
			files = (
				7838B42525B371E7004EA87B /* NetworkManager.swift in Sources */,
				7838B44525B3ACCB004EA87B /* AppConstants.swift in Sources */,
				7838B43425B3AC7B004EA87B /* Info.swift in Sources */,
				7838B43C25B3AC8F004EA87B /* Character.swift in Sources */,
				78B3080125B36BA700BCD64B /* HomeViewController.swift in Sources */,
				78B307FD25B36BA700BCD64B /* AppDelegate.swift in Sources */,
			);
			runOnlyForDeploymentPostprocessing = 0;
		};
		78B3080B25B36BAA00BCD64B /* Sources */ = {
			isa = PBXSourcesBuildPhase;
			buildActionMask = 2147483647;
			files = (
				78B3081425B36BAA00BCD64B /* rick_and_mortyTests.swift in Sources */,
			);
			runOnlyForDeploymentPostprocessing = 0;
		};
		78B3081625B36BAA00BCD64B /* Sources */ = {
			isa = PBXSourcesBuildPhase;
			buildActionMask = 2147483647;
			files = (
				78B3081F25B36BAA00BCD64B /* rick_and_mortyUITests.swift in Sources */,
			);
			runOnlyForDeploymentPostprocessing = 0;
		};
/* End PBXSourcesBuildPhase section */

/* Begin PBXTargetDependency section */
		78B3081125B36BAA00BCD64B /* PBXTargetDependency */ = {
			isa = PBXTargetDependency;
			target = 78B307F825B36BA700BCD64B /* rick-and-morty */;
			targetProxy = 78B3081025B36BAA00BCD64B /* PBXContainerItemProxy */;
		};
		78B3081C25B36BAA00BCD64B /* PBXTargetDependency */ = {
			isa = PBXTargetDependency;
			target = 78B307F825B36BA700BCD64B /* rick-and-morty */;
			targetProxy = 78B3081B25B36BAA00BCD64B /* PBXContainerItemProxy */;
		};
/* End PBXTargetDependency section */

/* Begin PBXVariantGroup section */
		78B3080225B36BA700BCD64B /* Main.storyboard */ = {
			isa = PBXVariantGroup;
			children = (
				78B3080325B36BA700BCD64B /* Base */,
			);
			name = Main.storyboard;
			sourceTree = "<group>";
		};
		78B3080725B36BAA00BCD64B /* LaunchScreen.storyboard */ = {
			isa = PBXVariantGroup;
			children = (
				78B3080825B36BAA00BCD64B /* Base */,
			);
			name = LaunchScreen.storyboard;
			sourceTree = "<group>";
		};
/* End PBXVariantGroup section */

/* Begin XCBuildConfiguration section */
		78B3082125B36BAA00BCD64B /* Debug */ = {
			isa = XCBuildConfiguration;
			buildSettings = {
				ALWAYS_SEARCH_USER_PATHS = NO;
				CLANG_ANALYZER_NONNULL = YES;
				CLANG_ANALYZER_NUMBER_OBJECT_CONVERSION = YES_AGGRESSIVE;
				CLANG_CXX_LANGUAGE_STANDARD = "gnu++14";
				CLANG_CXX_LIBRARY = "libc++";
				CLANG_ENABLE_MODULES = YES;
				CLANG_ENABLE_OBJC_ARC = YES;
				CLANG_ENABLE_OBJC_WEAK = YES;
				CLANG_WARN_BLOCK_CAPTURE_AUTORELEASING = YES;
				CLANG_WARN_BOOL_CONVERSION = YES;
				CLANG_WARN_COMMA = YES;
				CLANG_WARN_CONSTANT_CONVERSION = YES;
				CLANG_WARN_DEPRECATED_OBJC_IMPLEMENTATIONS = YES;
				CLANG_WARN_DIRECT_OBJC_ISA_USAGE = YES_ERROR;
				CLANG_WARN_DOCUMENTATION_COMMENTS = YES;
				CLANG_WARN_EMPTY_BODY = YES;
				CLANG_WARN_ENUM_CONVERSION = YES;
				CLANG_WARN_INFINITE_RECURSION = YES;
				CLANG_WARN_INT_CONVERSION = YES;
				CLANG_WARN_NON_LITERAL_NULL_CONVERSION = YES;
				CLANG_WARN_OBJC_IMPLICIT_RETAIN_SELF = YES;
				CLANG_WARN_OBJC_LITERAL_CONVERSION = YES;
				CLANG_WARN_OBJC_ROOT_CLASS = YES_ERROR;
				CLANG_WARN_QUOTED_INCLUDE_IN_FRAMEWORK_HEADER = YES;
				CLANG_WARN_RANGE_LOOP_ANALYSIS = YES;
				CLANG_WARN_STRICT_PROTOTYPES = YES;
				CLANG_WARN_SUSPICIOUS_MOVE = YES;
				CLANG_WARN_UNGUARDED_AVAILABILITY = YES_AGGRESSIVE;
				CLANG_WARN_UNREACHABLE_CODE = YES;
				CLANG_WARN__DUPLICATE_METHOD_MATCH = YES;
				COPY_PHASE_STRIP = NO;
				DEBUG_INFORMATION_FORMAT = dwarf;
				ENABLE_STRICT_OBJC_MSGSEND = YES;
				ENABLE_TESTABILITY = YES;
				GCC_C_LANGUAGE_STANDARD = gnu11;
				GCC_DYNAMIC_NO_PIC = NO;
				GCC_NO_COMMON_BLOCKS = YES;
				GCC_OPTIMIZATION_LEVEL = 0;
				GCC_PREPROCESSOR_DEFINITIONS = (
					"DEBUG=1",
					"$(inherited)",
				);
				GCC_WARN_64_TO_32_BIT_CONVERSION = YES;
				GCC_WARN_ABOUT_RETURN_TYPE = YES_ERROR;
				GCC_WARN_UNDECLARED_SELECTOR = YES;
				GCC_WARN_UNINITIALIZED_AUTOS = YES_AGGRESSIVE;
				GCC_WARN_UNUSED_FUNCTION = YES;
				GCC_WARN_UNUSED_VARIABLE = YES;
				IPHONEOS_DEPLOYMENT_TARGET = 14.3;
				MTL_ENABLE_DEBUG_INFO = INCLUDE_SOURCE;
				MTL_FAST_MATH = YES;
				ONLY_ACTIVE_ARCH = YES;
				SDKROOT = iphoneos;
				SWIFT_ACTIVE_COMPILATION_CONDITIONS = DEBUG;
				SWIFT_OPTIMIZATION_LEVEL = "-Onone";
			};
			name = Debug;
		};
		78B3082225B36BAA00BCD64B /* Release */ = {
			isa = XCBuildConfiguration;
			buildSettings = {
				ALWAYS_SEARCH_USER_PATHS = NO;
				CLANG_ANALYZER_NONNULL = YES;
				CLANG_ANALYZER_NUMBER_OBJECT_CONVERSION = YES_AGGRESSIVE;
				CLANG_CXX_LANGUAGE_STANDARD = "gnu++14";
				CLANG_CXX_LIBRARY = "libc++";
				CLANG_ENABLE_MODULES = YES;
				CLANG_ENABLE_OBJC_ARC = YES;
				CLANG_ENABLE_OBJC_WEAK = YES;
				CLANG_WARN_BLOCK_CAPTURE_AUTORELEASING = YES;
				CLANG_WARN_BOOL_CONVERSION = YES;
				CLANG_WARN_COMMA = YES;
				CLANG_WARN_CONSTANT_CONVERSION = YES;
				CLANG_WARN_DEPRECATED_OBJC_IMPLEMENTATIONS = YES;
				CLANG_WARN_DIRECT_OBJC_ISA_USAGE = YES_ERROR;
				CLANG_WARN_DOCUMENTATION_COMMENTS = YES;
				CLANG_WARN_EMPTY_BODY = YES;
				CLANG_WARN_ENUM_CONVERSION = YES;
				CLANG_WARN_INFINITE_RECURSION = YES;
				CLANG_WARN_INT_CONVERSION = YES;
				CLANG_WARN_NON_LITERAL_NULL_CONVERSION = YES;
				CLANG_WARN_OBJC_IMPLICIT_RETAIN_SELF = YES;
				CLANG_WARN_OBJC_LITERAL_CONVERSION = YES;
				CLANG_WARN_OBJC_ROOT_CLASS = YES_ERROR;
				CLANG_WARN_QUOTED_INCLUDE_IN_FRAMEWORK_HEADER = YES;
				CLANG_WARN_RANGE_LOOP_ANALYSIS = YES;
				CLANG_WARN_STRICT_PROTOTYPES = YES;
				CLANG_WARN_SUSPICIOUS_MOVE = YES;
				CLANG_WARN_UNGUARDED_AVAILABILITY = YES_AGGRESSIVE;
				CLANG_WARN_UNREACHABLE_CODE = YES;
				CLANG_WARN__DUPLICATE_METHOD_MATCH = YES;
				COPY_PHASE_STRIP = NO;
				DEBUG_INFORMATION_FORMAT = "dwarf-with-dsym";
				ENABLE_NS_ASSERTIONS = NO;
				ENABLE_STRICT_OBJC_MSGSEND = YES;
				GCC_C_LANGUAGE_STANDARD = gnu11;
				GCC_NO_COMMON_BLOCKS = YES;
				GCC_WARN_64_TO_32_BIT_CONVERSION = YES;
				GCC_WARN_ABOUT_RETURN_TYPE = YES_ERROR;
				GCC_WARN_UNDECLARED_SELECTOR = YES;
				GCC_WARN_UNINITIALIZED_AUTOS = YES_AGGRESSIVE;
				GCC_WARN_UNUSED_FUNCTION = YES;
				GCC_WARN_UNUSED_VARIABLE = YES;
				IPHONEOS_DEPLOYMENT_TARGET = 14.3;
				MTL_ENABLE_DEBUG_INFO = NO;
				MTL_FAST_MATH = YES;
				SDKROOT = iphoneos;
				SWIFT_COMPILATION_MODE = wholemodule;
				SWIFT_OPTIMIZATION_LEVEL = "-O";
				VALIDATE_PRODUCT = YES;
			};
			name = Release;
		};
		78B3082425B36BAA00BCD64B /* Debug */ = {
			isa = XCBuildConfiguration;
			baseConfigurationReference = E9DB16D21CA7D9A46DA24CBE /* Pods-rick-and-morty.debug.xcconfig */;
			buildSettings = {
				ASSETCATALOG_COMPILER_APPICON_NAME = AppIcon;
				ASSETCATALOG_COMPILER_GLOBAL_ACCENT_COLOR_NAME = AccentColor;
				CODE_SIGN_STYLE = Automatic;
				DEVELOPMENT_TEAM = 9A26P3RMBN;
				INFOPLIST_FILE = "rick-and-morty/Info.plist";
				IPHONEOS_DEPLOYMENT_TARGET = 12.0;
				LD_RUNPATH_SEARCH_PATHS = (
					"$(inherited)",
					"@executable_path/Frameworks",
				);
				PRODUCT_BUNDLE_IDENTIFIER = "com.winlentia.rnm.rick-and-morty";
				PRODUCT_NAME = "$(TARGET_NAME)";
				SWIFT_VERSION = 5.0;
				TARGETED_DEVICE_FAMILY = "1,2";
			};
			name = Debug;
		};
		78B3082525B36BAA00BCD64B /* Release */ = {
			isa = XCBuildConfiguration;
			baseConfigurationReference = 0D259A79464D1C9BC8AEA5D5 /* Pods-rick-and-morty.release.xcconfig */;
			buildSettings = {
				ASSETCATALOG_COMPILER_APPICON_NAME = AppIcon;
				ASSETCATALOG_COMPILER_GLOBAL_ACCENT_COLOR_NAME = AccentColor;
				CODE_SIGN_STYLE = Automatic;
				DEVELOPMENT_TEAM = 9A26P3RMBN;
				INFOPLIST_FILE = "rick-and-morty/Info.plist";
				IPHONEOS_DEPLOYMENT_TARGET = 12.0;
				LD_RUNPATH_SEARCH_PATHS = (
					"$(inherited)",
					"@executable_path/Frameworks",
				);
				PRODUCT_BUNDLE_IDENTIFIER = "com.winlentia.rnm.rick-and-morty";
				PRODUCT_NAME = "$(TARGET_NAME)";
				SWIFT_VERSION = 5.0;
				TARGETED_DEVICE_FAMILY = "1,2";
			};
			name = Release;
		};
		78B3082725B36BAA00BCD64B /* Debug */ = {
			isa = XCBuildConfiguration;
			baseConfigurationReference = 5FAD33BF8427A2AD6551CC46 /* Pods-rick-and-mortyTests.debug.xcconfig */;
			buildSettings = {
				ALWAYS_EMBED_SWIFT_STANDARD_LIBRARIES = YES;
				BUNDLE_LOADER = "$(TEST_HOST)";
				CODE_SIGN_STYLE = Automatic;
				DEVELOPMENT_TEAM = 9A26P3RMBN;
				INFOPLIST_FILE = "rick-and-mortyTests/Info.plist";
				IPHONEOS_DEPLOYMENT_TARGET = 14.3;
				LD_RUNPATH_SEARCH_PATHS = (
					"$(inherited)",
					"@executable_path/Frameworks",
					"@loader_path/Frameworks",
				);
				PRODUCT_BUNDLE_IDENTIFIER = "com.winlentia.rnm.rick-and-mortyTests";
				PRODUCT_NAME = "$(TARGET_NAME)";
				SWIFT_VERSION = 5.0;
				TARGETED_DEVICE_FAMILY = "1,2";
				TEST_HOST = "$(BUILT_PRODUCTS_DIR)/rick-and-morty.app/rick-and-morty";
			};
			name = Debug;
		};
		78B3082825B36BAA00BCD64B /* Release */ = {
			isa = XCBuildConfiguration;
			baseConfigurationReference = 713CD5F3D3D34B61172951E9 /* Pods-rick-and-mortyTests.release.xcconfig */;
			buildSettings = {
				ALWAYS_EMBED_SWIFT_STANDARD_LIBRARIES = YES;
				BUNDLE_LOADER = "$(TEST_HOST)";
				CODE_SIGN_STYLE = Automatic;
				DEVELOPMENT_TEAM = 9A26P3RMBN;
				INFOPLIST_FILE = "rick-and-mortyTests/Info.plist";
				IPHONEOS_DEPLOYMENT_TARGET = 14.3;
				LD_RUNPATH_SEARCH_PATHS = (
					"$(inherited)",
					"@executable_path/Frameworks",
					"@loader_path/Frameworks",
				);
				PRODUCT_BUNDLE_IDENTIFIER = "com.winlentia.rnm.rick-and-mortyTests";
				PRODUCT_NAME = "$(TARGET_NAME)";
				SWIFT_VERSION = 5.0;
				TARGETED_DEVICE_FAMILY = "1,2";
				TEST_HOST = "$(BUILT_PRODUCTS_DIR)/rick-and-morty.app/rick-and-morty";
			};
			name = Release;
		};
		78B3082A25B36BAA00BCD64B /* Debug */ = {
			isa = XCBuildConfiguration;
			baseConfigurationReference = 413251817DC8487F7CBA1A63 /* Pods-rick-and-morty-rick-and-mortyUITests.debug.xcconfig */;
			buildSettings = {
				ALWAYS_EMBED_SWIFT_STANDARD_LIBRARIES = YES;
				CODE_SIGN_STYLE = Automatic;
				DEVELOPMENT_TEAM = 9A26P3RMBN;
				INFOPLIST_FILE = "rick-and-mortyUITests/Info.plist";
				LD_RUNPATH_SEARCH_PATHS = (
					"$(inherited)",
					"@executable_path/Frameworks",
					"@loader_path/Frameworks",
				);
				PRODUCT_BUNDLE_IDENTIFIER = "com.winlentia.rnm.rick-and-mortyUITests";
				PRODUCT_NAME = "$(TARGET_NAME)";
				SWIFT_VERSION = 5.0;
				TARGETED_DEVICE_FAMILY = "1,2";
				TEST_TARGET_NAME = "rick-and-morty";
			};
			name = Debug;
		};
		78B3082B25B36BAA00BCD64B /* Release */ = {
			isa = XCBuildConfiguration;
			baseConfigurationReference = 57EA17AD6B8F050BF10F3B49 /* Pods-rick-and-morty-rick-and-mortyUITests.release.xcconfig */;
			buildSettings = {
				ALWAYS_EMBED_SWIFT_STANDARD_LIBRARIES = YES;
				CODE_SIGN_STYLE = Automatic;
				DEVELOPMENT_TEAM = 9A26P3RMBN;
				INFOPLIST_FILE = "rick-and-mortyUITests/Info.plist";
				LD_RUNPATH_SEARCH_PATHS = (
					"$(inherited)",
					"@executable_path/Frameworks",
					"@loader_path/Frameworks",
				);
				PRODUCT_BUNDLE_IDENTIFIER = "com.winlentia.rnm.rick-and-mortyUITests";
				PRODUCT_NAME = "$(TARGET_NAME)";
				SWIFT_VERSION = 5.0;
				TARGETED_DEVICE_FAMILY = "1,2";
				TEST_TARGET_NAME = "rick-and-morty";
			};
			name = Release;
		};
/* End XCBuildConfiguration section */

/* Begin XCConfigurationList section */
		78B307F425B36BA700BCD64B /* Build configuration list for PBXProject "rick-and-morty" */ = {
			isa = XCConfigurationList;
			buildConfigurations = (
				78B3082125B36BAA00BCD64B /* Debug */,
				78B3082225B36BAA00BCD64B /* Release */,
			);
			defaultConfigurationIsVisible = 0;
			defaultConfigurationName = Release;
		};
		78B3082325B36BAA00BCD64B /* Build configuration list for PBXNativeTarget "rick-and-morty" */ = {
			isa = XCConfigurationList;
			buildConfigurations = (
				78B3082425B36BAA00BCD64B /* Debug */,
				78B3082525B36BAA00BCD64B /* Release */,
			);
			defaultConfigurationIsVisible = 0;
			defaultConfigurationName = Release;
		};
		78B3082625B36BAA00BCD64B /* Build configuration list for PBXNativeTarget "rick-and-mortyTests" */ = {
			isa = XCConfigurationList;
			buildConfigurations = (
				78B3082725B36BAA00BCD64B /* Debug */,
				78B3082825B36BAA00BCD64B /* Release */,
			);
			defaultConfigurationIsVisible = 0;
			defaultConfigurationName = Release;
		};
		78B3082925B36BAA00BCD64B /* Build configuration list for PBXNativeTarget "rick-and-mortyUITests" */ = {
			isa = XCConfigurationList;
			buildConfigurations = (
				78B3082A25B36BAA00BCD64B /* Debug */,
				78B3082B25B36BAA00BCD64B /* Release */,
			);
			defaultConfigurationIsVisible = 0;
			defaultConfigurationName = Release;
		};
/* End XCConfigurationList section */
	};
	rootObject = 78B307F125B36BA700BCD64B /* Project object */;
}
